
Microsoft Visual Studio Solution File, Format Version 12.00
# Visual Studio 14
VisualStudioVersion = 14.0.25420.1
MinimumVisualStudioVersion = 10.0.40219.1
Project("{159641D6-6404-4A2A-AE62-294DE0FE8301}") = "BirthdayEmail", "BirthdayEmail\BirthdayEmail.dtproj", "{CDDAE83A-1BD7-492A-ADED-2FB4E17B7F3E}"
EndProject
Global
	GlobalSection(SolutionConfigurationPlatforms) = preSolution
		Development|Default = Development|Default
	EndGlobalSection
	GlobalSection(ProjectConfigurationPlatforms) = postSolution
		{CDDAE83A-1BD7-492A-ADED-2FB4E17B7F3E}.Development|Default.ActiveCfg = Development
		{CDDAE83A-1BD7-492A-ADED-2FB4E17B7F3E}.Development|Default.Build.0 = Development
	EndGlobalSection
	GlobalSection(SolutionProperties) = preSolution
		HideSolutionNode = FALSE
	EndGlobalSection
EndGlobal
